
Microsoft Visual Studio Solution File, Format Version 12.00
# Visual Studio 15
VisualStudioVersion = 15.0.28307.645
MinimumVisualStudioVersion = 10.0.40219.1
Project("{9A19103F-16F7-4668-BE54-9A1E7A4F7556}") = "Blacklist", "Blacklist\Blacklist.csproj", "{273E52CA-16AB-413C-A3F0-552BC39E729C}"
EndProject
Global
	GlobalSection(SolutionConfigurationPlatforms) = preSolution
		Debug|Any CPU = Debug|Any CPU
		Release|Any CPU = Release|Any CPU
	EndGlobalSection
	GlobalSection(ProjectConfigurationPlatforms) = postSolution
		{273E52CA-16AB-413C-A3F0-552BC39E729C}.Debug|Any CPU.ActiveCfg = Debug|Any CPU
		{273E52CA-16AB-413C-A3F0-552BC39E729C}.Debug|Any CPU.Build.0 = Debug|Any CPU
		{273E52CA-16AB-413C-A3F0-552BC39E729C}.Release|Any CPU.ActiveCfg = Release|Any CPU
		{273E52CA-16AB-413C-A3F0-552BC39E729C}.Release|Any CPU.Build.0 = Release|Any CPU
	EndGlobalSection
	GlobalSection(SolutionProperties) = preSolution
		HideSolutionNode = FALSE
	EndGlobalSection
	GlobalSection(ExtensibilityGlobals) = postSolution
		SolutionGuid = {3EE7B68B-329A-4A39-8BA5-D138A8BC1FD2}
	EndGlobalSection
EndGlobal
